
Microsoft Visual Studio Solution File, Format Version 12.00
# Visual Studio Version 17
VisualStudioVersion = 17.3.32922.545
MinimumVisualStudioVersion = 10.0.40219.1
Project("{FAE04EC0-301F-11D3-BF4B-00C04F79EFBC}") = "GestionUsuarios", "GestionUsuarios.csproj", "{CCB05AAF-4F65-4193-A34F-D6CBB34A62A1}"
EndProject
Global
	GlobalSection(SolutionConfigurationPlatforms) = preSolution
		Debug|Any CPU = Debug|Any CPU
		Release|Any CPU = Release|Any CPU
	EndGlobalSection
	GlobalSection(ProjectConfigurationPlatforms) = postSolution
		{CCB05AAF-4F65-4193-A34F-D6CBB34A62A1}.Debug|Any CPU.ActiveCfg = Debug|Any CPU
		{CCB05AAF-4F65-4193-A34F-D6CBB34A62A1}.Debug|Any CPU.Build.0 = Debug|Any CPU
		{CCB05AAF-4F65-4193-A34F-D6CBB34A62A1}.Release|Any CPU.ActiveCfg = Release|Any CPU
		{CCB05AAF-4F65-4193-A34F-D6CBB34A62A1}.Release|Any CPU.Build.0 = Release|Any CPU
	EndGlobalSection
	GlobalSection(SolutionProperties) = preSolution
		HideSolutionNode = FALSE
	EndGlobalSection
	GlobalSection(ExtensibilityGlobals) = postSolution
		SolutionGuid = {B9B569DC-E2E2-4509-8587-3F6B179E34A6}
	EndGlobalSection
EndGlobal
